
Microsoft Visual Studio Solution File, Format Version 12.00
# Visual Studio 15
VisualStudioVersion = 15.0.28010.2046
MinimumVisualStudioVersion = 10.0.40219.1
Project("{FAE04EC0-301F-11D3-BF4B-00C04F79EFBC}") = "JSON Entities", "JSON Entities\JSON Entities.csproj", "{D4C4E936-E3FC-49AC-B289-90FDB3947528}"
EndProject
Project("{FAE04EC0-301F-11D3-BF4B-00C04F79EFBC}") = "JSON Entities Tests", "JSON Entities Tests\JSON Entities Tests.csproj", "{8BFC7915-599D-457B-94EC-7EA954814477}"
EndProject
Global
	GlobalSection(SolutionConfigurationPlatforms) = preSolution
		Debug|Any CPU = Debug|Any CPU
		Release|Any CPU = Release|Any CPU
	EndGlobalSection
	GlobalSection(ProjectConfigurationPlatforms) = postSolution
		{D4C4E936-E3FC-49AC-B289-90FDB3947528}.Debug|Any CPU.ActiveCfg = Debug|Any CPU
		{D4C4E936-E3FC-49AC-B289-90FDB3947528}.Debug|Any CPU.Build.0 = Debug|Any CPU
		{D4C4E936-E3FC-49AC-B289-90FDB3947528}.Release|Any CPU.ActiveCfg = Release|Any CPU
		{D4C4E936-E3FC-49AC-B289-90FDB3947528}.Release|Any CPU.Build.0 = Release|Any CPU
		{8BFC7915-599D-457B-94EC-7EA954814477}.Debug|Any CPU.ActiveCfg = Debug|Any CPU
		{8BFC7915-599D-457B-94EC-7EA954814477}.Debug|Any CPU.Build.0 = Debug|Any CPU
		{8BFC7915-599D-457B-94EC-7EA954814477}.Release|Any CPU.ActiveCfg = Release|Any CPU
		{8BFC7915-599D-457B-94EC-7EA954814477}.Release|Any CPU.Build.0 = Release|Any CPU
	EndGlobalSection
	GlobalSection(SolutionProperties) = preSolution
		HideSolutionNode = FALSE
	EndGlobalSection
	GlobalSection(ExtensibilityGlobals) = postSolution
		SolutionGuid = {7BD4C536-320A-4539-989F-716D7795A955}
	EndGlobalSection
EndGlobal
